// !$*UTF8*$!
{
	archiveVersion = 1;
	classes = {
	};
	objectVersion = 77;
	objects = {

/* Begin PBXBuildFile section */
		0A92A25A01A88EED59678A4E /* AppStore.swift in Sources */ = {isa = PBXBuildFile; fileRef = B72664B222559984A7922ED8 /* AppStore.swift */; };
		0B5BAA715AAA5D35B1A69F52 /* DangerSignsView.swift in Sources */ = {isa = PBXBuildFile; fileRef = 61FA3750A3C69DB347F281FB /* DangerSignsView.swift */; };
		17BFB7D66E76C1A654A0AEA9 /* ModelPackDownloader.swift in Sources */ = {isa = PBXBuildFile; fileRef = BA39A17C4A3E7C2C924ED62B /* ModelPackDownloader.swift */; };
		232D100826D90C5CA405C4FE /* Assets.xcassets in Resources */ = {isa = PBXBuildFile; fileRef = 23B98E812C6BACBAB74EE7AF /* Assets.xcassets */; };
		2D2CC6F8BE89AE19DF10B3FB /* SafetyGate.swift in Sources */ = {isa = PBXBuildFile; fileRef = B4B8C404DA1D6933ACC77880 /* SafetyGate.swift */; };
		33384FA37548C51495B10FF2 /* EvidenceView.swift in Sources */ = {isa = PBXBuildFile; fileRef = 035884AD9F6D4A399B24E1CF /* EvidenceView.swift */; };
		442388B5A278F276B13E59EF /* ProfileRepository.swift in Sources */ = {isa = PBXBuildFile; fileRef = CFEAAF8382ED901B3E3407E0 /* ProfileRepository.swift */; };
		4E23A4918D2C69B8F65CECBF /* WordPieceTokenizer.swift in Sources */ = {isa = PBXBuildFile; fileRef = 579AFB1AA91CBAAAB6862746 /* WordPieceTokenizer.swift */; };
		508C03130522789ABF69CB93 /* PaceBackiOSTests.swift in Sources */ = {isa = PBXBuildFile; fileRef = F0AA9FA29B81D556550E80AF /* PaceBackiOSTests.swift */; };
		5FCC3E852CB6B927028699CF /* LocalEvidenceEngineTests.swift in Sources */ = {isa = PBXBuildFile; fileRef = 334BD51D6AE9956AAE2CB28F /* LocalEvidenceEngineTests.swift */; };
		632BE6D32CF811065F2C3FD4 /* AIEngine.swift in Sources */ = {isa = PBXBuildFile; fileRef = 6F7007E08EC42C459ABABC4C /* AIEngine.swift */; };
		67FFD9F61CB09ECAC2227205 /* OnboardingView.swift in Sources */ = {isa = PBXBuildFile; fileRef = EB4306BCAC8C29E67180E2FB /* OnboardingView.swift */; };
		708D1AEEE5E0E8F013A54B93 /* MoreView.swift in Sources */ = {isa = PBXBuildFile; fileRef = 6A21DF997C0E1D2DFDE939AC /* MoreView.swift */; };
		70FCCB4B92BF8CD046AA21D7 /* PaceBackiOSApp.swift in Sources */ = {isa = PBXBuildFile; fileRef = A1848BA7DD7045873732DC37 /* PaceBackiOSApp.swift */; };
		7238D5E64411A53ABE73A01A /* onnxruntime in Frameworks */ = {isa = PBXBuildFile; productRef = E6ADCAD132B9FAD9CA2226F3 /* onnxruntime */; };
		7952A1D1D56E4D7DB8E5CA50 /* FocusView.swift in Sources */ = {isa = PBXBuildFile; fileRef = 7A37A8030436EBB6AC71153D /* FocusView.swift */; };
		7A1341EFEEE24D89472BAB94 /* AppShell.swift in Sources */ = {isa = PBXBuildFile; fileRef = 0F3BBC465709BFC1E7A223B2 /* AppShell.swift */; };
		80226EB9D100CBB3E198CF12 /* ModelPackStore.swift in Sources */ = {isa = PBXBuildFile; fileRef = B08AE9783DBCDBEA08643292 /* ModelPackStore.swift */; };
		80ED3D4EB371E63D833DF0B5 /* evidence_seed.json in Resources */ = {isa = PBXBuildFile; fileRef = 05F0611E4A8656797CEF40F7 /* evidence_seed.json */; };
		84B55BCD94DDB0FEECFD95DE /* PreviewFixtures.swift in Sources */ = {isa = PBXBuildFile; fileRef = A132EBE26A0F56251E922BF7 /* PreviewFixtures.swift */; };
		9ACB9F2400284DD52B655493 /* LocalEvidenceEngine.swift in Sources */ = {isa = PBXBuildFile; fileRef = 6AF682BF6E14514BDA46A3B5 /* LocalEvidenceEngine.swift */; };
		A685E969C1AC1AB7F3203B8C /* RolePolicy.swift in Sources */ = {isa = PBXBuildFile; fileRef = 3940F0FAF93C40B0788EB7CE /* RolePolicy.swift */; };
		AE0CF797C46AF844F08DD5EC /* TodayView.swift in Sources */ = {isa = PBXBuildFile; fileRef = 7DA16DB76577766D2E90EDC9 /* TodayView.swift */; };
		B2CBF473DB06574187DF9BBA /* DesignSystem.swift in Sources */ = {isa = PBXBuildFile; fileRef = 944E636EFFCED59CC0AB4D62 /* DesignSystem.swift */; };
		BA577CBBE49AC25E79B842DD /* model-pack-trust-key.b64 in Resources */ = {isa = PBXBuildFile; fileRef = 46B8A02057A5327E1B819D62 /* model-pack-trust-key.b64 */; };
		C0D71BB1B1DB51B8C4D7B0A6 /* onnxruntime-1.24.2-MIT.txt in Resources */ = {isa = PBXBuildFile; fileRef = 21BA82115AB8B9D8FCEAF93E /* onnxruntime-1.24.2-MIT.txt */; };
		D667A57421EFA1233B751E3A /* manifest.json in Resources */ = {isa = PBXBuildFile; fileRef = A127D931D61650148B51ECF5 /* manifest.json */; };
		DB3DCE2803A7041ABCB1E50C /* DomainModels.swift in Sources */ = {isa = PBXBuildFile; fileRef = 71791D5F8B13BEF746F0A8AE /* DomainModels.swift */; };
		DDBA93341437496B4B763532 /* CarePlanView.swift in Sources */ = {isa = PBXBuildFile; fileRef = 486AD80D4998D16D60C88836 /* CarePlanView.swift */; };
		E8751D0DCCB149A3FBE719CD /* ModelSetupView.swift in Sources */ = {isa = PBXBuildFile; fileRef = 423509B925B2A33DE6E7862C /* ModelSetupView.swift */; };
		EDE93C35198E4FC5392DA9D8 /* GuardianAuthenticator.swift in Sources */ = {isa = PBXBuildFile; fileRef = 4A76AB6FFC15D1FAD608201A /* GuardianAuthenticator.swift */; };
/* End PBXBuildFile section */

/* Begin PBXContainerItemProxy section */
		BC36862F107E927CB113E87F /* PBXContainerItemProxy */ = {
			isa = PBXContainerItemProxy;
			containerPortal = 959522C6524F74D6BFC6797B /* Project object */;
			proxyType = 1;
			remoteGlobalIDString = 44D9C31409938D2905DE400C;
			remoteInfo = PaceBackiOS;
		};
/* End PBXContainerItemProxy section */

/* Begin PBXFileReference section */
		035884AD9F6D4A399B24E1CF /* EvidenceView.swift */ = {isa = PBXFileReference; lastKnownFileType = sourcecode.swift; path = EvidenceView.swift; sourceTree = "<group>"; };
		05F0611E4A8656797CEF40F7 /* evidence_seed.json */ = {isa = PBXFileReference; lastKnownFileType = text.json; path = evidence_seed.json; sourceTree = "<group>"; };
		0F3BBC465709BFC1E7A223B2 /* AppShell.swift */ = {isa = PBXFileReference; lastKnownFileType = sourcecode.swift; path = AppShell.swift; sourceTree = "<group>"; };
		21BA82115AB8B9D8FCEAF93E /* onnxruntime-1.24.2-MIT.txt */ = {isa = PBXFileReference; lastKnownFileType = text; path = "onnxruntime-1.24.2-MIT.txt"; sourceTree = "<group>"; };
		23B98E812C6BACBAB74EE7AF /* Assets.xcassets */ = {isa = PBXFileReference; lastKnownFileType = folder.assetcatalog; path = Assets.xcassets; sourceTree = "<group>"; };
		3227F50F8C173478CC9B763C /* PaceBackiOSTests.xctest */ = {isa = PBXFileReference; includeInIndex = 0; lastKnownFileType = wrapper.cfbundle; path = PaceBackiOSTests.xctest; sourceTree = BUILT_PRODUCTS_DIR; };
		334BD51D6AE9956AAE2CB28F /* LocalEvidenceEngineTests.swift */ = {isa = PBXFileReference; lastKnownFileType = sourcecode.swift; path = LocalEvidenceEngineTests.swift; sourceTree = "<group>"; };
		3940F0FAF93C40B0788EB7CE /* RolePolicy.swift */ = {isa = PBXFileReference; lastKnownFileType = sourcecode.swift; path = RolePolicy.swift; sourceTree = "<group>"; };
		423509B925B2A33DE6E7862C /* ModelSetupView.swift */ = {isa = PBXFileReference; lastKnownFileType = sourcecode.swift; path = ModelSetupView.swift; sourceTree = "<group>"; };
		46B8A02057A5327E1B819D62 /* model-pack-trust-key.b64 */ = {isa = PBXFileReference; path = "model-pack-trust-key.b64"; sourceTree = "<group>"; };
		486AD80D4998D16D60C88836 /* CarePlanView.swift */ = {isa = PBXFileReference; lastKnownFileType = sourcecode.swift; path = CarePlanView.swift; sourceTree = "<group>"; };
		4956CAA58360BF9A2857D38E /* PaceBackiOS.app */ = {isa = PBXFileReference; includeInIndex = 0; lastKnownFileType = wrapper.application; path = PaceBackiOS.app; sourceTree = BUILT_PRODUCTS_DIR; };
		4A76AB6FFC15D1FAD608201A /* GuardianAuthenticator.swift */ = {isa = PBXFileReference; lastKnownFileType = sourcecode.swift; path = GuardianAuthenticator.swift; sourceTree = "<group>"; };
		579AFB1AA91CBAAAB6862746 /* WordPieceTokenizer.swift */ = {isa = PBXFileReference; lastKnownFileType = sourcecode.swift; path = WordPieceTokenizer.swift; sourceTree = "<group>"; };
		61FA3750A3C69DB347F281FB /* DangerSignsView.swift */ = {isa = PBXFileReference; lastKnownFileType = sourcecode.swift; path = DangerSignsView.swift; sourceTree = "<group>"; };
		6A21DF997C0E1D2DFDE939AC /* MoreView.swift */ = {isa = PBXFileReference; lastKnownFileType = sourcecode.swift; path = MoreView.swift; sourceTree = "<group>"; };
		6AF682BF6E14514BDA46A3B5 /* LocalEvidenceEngine.swift */ = {isa = PBXFileReference; lastKnownFileType = sourcecode.swift; path = LocalEvidenceEngine.swift; sourceTree = "<group>"; };
		6F7007E08EC42C459ABABC4C /* AIEngine.swift */ = {isa = PBXFileReference; lastKnownFileType = sourcecode.swift; path = AIEngine.swift; sourceTree = "<group>"; };
		71791D5F8B13BEF746F0A8AE /* DomainModels.swift */ = {isa = PBXFileReference; lastKnownFileType = sourcecode.swift; path = DomainModels.swift; sourceTree = "<group>"; };
		7A37A8030436EBB6AC71153D /* FocusView.swift */ = {isa = PBXFileReference; lastKnownFileType = sourcecode.swift; path = FocusView.swift; sourceTree = "<group>"; };
		7DA16DB76577766D2E90EDC9 /* TodayView.swift */ = {isa = PBXFileReference; lastKnownFileType = sourcecode.swift; path = TodayView.swift; sourceTree = "<group>"; };
		944E636EFFCED59CC0AB4D62 /* DesignSystem.swift */ = {isa = PBXFileReference; lastKnownFileType = sourcecode.swift; path = DesignSystem.swift; sourceTree = "<group>"; };
		A127D931D61650148B51ECF5 /* manifest.json */ = {isa = PBXFileReference; lastKnownFileType = text.json; path = manifest.json; sourceTree = "<group>"; };
		A132EBE26A0F56251E922BF7 /* PreviewFixtures.swift */ = {isa = PBXFileReference; lastKnownFileType = sourcecode.swift; path = PreviewFixtures.swift; sourceTree = "<group>"; };
		A1848BA7DD7045873732DC37 /* PaceBackiOSApp.swift */ = {isa = PBXFileReference; lastKnownFileType = sourcecode.swift; path = PaceBackiOSApp.swift; sourceTree = "<group>"; };
		B08AE9783DBCDBEA08643292 /* ModelPackStore.swift */ = {isa = PBXFileReference; lastKnownFileType = sourcecode.swift; path = ModelPackStore.swift; sourceTree = "<group>"; };
		B4B8C404DA1D6933ACC77880 /* SafetyGate.swift */ = {isa = PBXFileReference; lastKnownFileType = sourcecode.swift; path = SafetyGate.swift; sourceTree = "<group>"; };
		B72664B222559984A7922ED8 /* AppStore.swift */ = {isa = PBXFileReference; lastKnownFileType = sourcecode.swift; path = AppStore.swift; sourceTree = "<group>"; };
		BA39A17C4A3E7C2C924ED62B /* ModelPackDownloader.swift */ = {isa = PBXFileReference; lastKnownFileType = sourcecode.swift; path = ModelPackDownloader.swift; sourceTree = "<group>"; };
		CFEAAF8382ED901B3E3407E0 /* ProfileRepository.swift */ = {isa = PBXFileReference; lastKnownFileType = sourcecode.swift; path = ProfileRepository.swift; sourceTree = "<group>"; };
		EB4306BCAC8C29E67180E2FB /* OnboardingView.swift */ = {isa = PBXFileReference; lastKnownFileType = sourcecode.swift; path = OnboardingView.swift; sourceTree = "<group>"; };
		F0AA9FA29B81D556550E80AF /* PaceBackiOSTests.swift */ = {isa = PBXFileReference; lastKnownFileType = sourcecode.swift; path = PaceBackiOSTests.swift; sourceTree = "<group>"; };
/* End PBXFileReference section */

/* Begin PBXFrameworksBuildPhase section */
		CB317CB9D069E2F5121F6E89 /* Frameworks */ = {
			isa = PBXFrameworksBuildPhase;
			buildActionMask = 2147483647;
			files = (
				7238D5E64411A53ABE73A01A /* onnxruntime in Frameworks */,
			);
			runOnlyForDeploymentPostprocessing = 0;
		};
/* End PBXFrameworksBuildPhase section */

/* Begin PBXGroup section */
		02C86DEACF0B3289E1589134 /* Models */ = {
			isa = PBXGroup;
			children = (
				71791D5F8B13BEF746F0A8AE /* DomainModels.swift */,
				3940F0FAF93C40B0788EB7CE /* RolePolicy.swift */,
			);
			path = Models;
			sourceTree = "<group>";
		};
		1621846BDECB31B3C1E23EDA /* Products */ = {
			isa = PBXGroup;
			children = (
				4956CAA58360BF9A2857D38E /* PaceBackiOS.app */,
				3227F50F8C173478CC9B763C /* PaceBackiOSTests.xctest */,
			);
			name = Products;
			sourceTree = "<group>";
		};
		1ACC6224AECC612BE8811855 /* Evidence */ = {
			isa = PBXGroup;
			children = (
				05F0611E4A8656797CEF40F7 /* evidence_seed.json */,
			);
			path = Evidence;
			sourceTree = "<group>";
		};
		28BCECC5D48DA921B1E8C34D /* Services */ = {
			isa = PBXGroup;
			children = (
				6F7007E08EC42C459ABABC4C /* AIEngine.swift */,
				4A76AB6FFC15D1FAD608201A /* GuardianAuthenticator.swift */,
				6AF682BF6E14514BDA46A3B5 /* LocalEvidenceEngine.swift */,
				BA39A17C4A3E7C2C924ED62B /* ModelPackDownloader.swift */,
				B08AE9783DBCDBEA08643292 /* ModelPackStore.swift */,
				CFEAAF8382ED901B3E3407E0 /* ProfileRepository.swift */,
				579AFB1AA91CBAAAB6862746 /* WordPieceTokenizer.swift */,
			);
			path = Services;
			sourceTree = "<group>";
		};
		45CC2AE54E2F6905CF1EBE5B /* Fixtures */ = {
			isa = PBXGroup;
			children = (
				A132EBE26A0F56251E922BF7 /* PreviewFixtures.swift */,
			);
			path = Fixtures;
			sourceTree = "<group>";
		};
		6467F3243941A0892EEF5907 /* PaceBackiOSTests */ = {
			isa = PBXGroup;
			children = (
				334BD51D6AE9956AAE2CB28F /* LocalEvidenceEngineTests.swift */,
				F0AA9FA29B81D556550E80AF /* PaceBackiOSTests.swift */,
			);
			path = PaceBackiOSTests;
			sourceTree = "<group>";
		};
		93F99EB8432E356BEC330F43 /* PaceBack */ = {
			isa = PBXGroup;
			children = (
				9BB160A00CBF8699CAE9966E /* third_party */,
			);
			name = PaceBack;
			path = ..;
			sourceTree = "<group>";
		};
		9841C09836B307633EB1D4F8 /* Safety */ = {
			isa = PBXGroup;
			children = (
				B4B8C404DA1D6933ACC77880 /* SafetyGate.swift */,
			);
			path = Safety;
			sourceTree = "<group>";
		};
		9A8EE1886F2C60EF5A802703 = {
			isa = PBXGroup;
			children = (
				93F99EB8432E356BEC330F43 /* PaceBack */,
				FBE2F022198DDE1D5599DFEC /* PaceBackiOS */,
				6467F3243941A0892EEF5907 /* PaceBackiOSTests */,
				1621846BDECB31B3C1E23EDA /* Products */,
			);
			sourceTree = "<group>";
		};
		9BB160A00CBF8699CAE9966E /* third_party */ = {
			isa = PBXGroup;
			children = (
				F5CBB24E50B914FE07C82077 /* software_licenses */,
			);
			path = third_party;
			sourceTree = "<group>";
		};
		9E2AC74FD7D6C104061C2F51 /* Store */ = {
			isa = PBXGroup;
			children = (
				B72664B222559984A7922ED8 /* AppStore.swift */,
			);
			path = Store;
			sourceTree = "<group>";
		};
		BA04195D3B6235DDE4B18053 /* ModelPack */ = {
			isa = PBXGroup;
			children = (
				A127D931D61650148B51ECF5 /* manifest.json */,
				46B8A02057A5327E1B819D62 /* model-pack-trust-key.b64 */,
			);
			path = ModelPack;
			sourceTree = "<group>";
		};
		C8D010BE794479A36CEB6E6F /* UI */ = {
			isa = PBXGroup;
			children = (
				0F3BBC465709BFC1E7A223B2 /* AppShell.swift */,
				486AD80D4998D16D60C88836 /* CarePlanView.swift */,
				61FA3750A3C69DB347F281FB /* DangerSignsView.swift */,
				944E636EFFCED59CC0AB4D62 /* DesignSystem.swift */,
				035884AD9F6D4A399B24E1CF /* EvidenceView.swift */,
				7A37A8030436EBB6AC71153D /* FocusView.swift */,
				423509B925B2A33DE6E7862C /* ModelSetupView.swift */,
				6A21DF997C0E1D2DFDE939AC /* MoreView.swift */,
				EB4306BCAC8C29E67180E2FB /* OnboardingView.swift */,
				7DA16DB76577766D2E90EDC9 /* TodayView.swift */,
			);
			path = UI;
			sourceTree = "<group>";
		};
		DF5CD78F27C107E8DB8304EB /* App */ = {
			isa = PBXGroup;
			children = (
				A1848BA7DD7045873732DC37 /* PaceBackiOSApp.swift */,
			);
			path = App;
			sourceTree = "<group>";
		};
		F5CBB24E50B914FE07C82077 /* software_licenses */ = {
			isa = PBXGroup;
			children = (
				21BA82115AB8B9D8FCEAF93E /* onnxruntime-1.24.2-MIT.txt */,
			);
			path = software_licenses;
			sourceTree = "<group>";
		};
		F681459FB817C9F8115B4147 /* Resources */ = {
			isa = PBXGroup;
			children = (
				1ACC6224AECC612BE8811855 /* Evidence */,
				BA04195D3B6235DDE4B18053 /* ModelPack */,
				23B98E812C6BACBAB74EE7AF /* Assets.xcassets */,
			);
			path = Resources;
			sourceTree = "<group>";
		};
		FBE2F022198DDE1D5599DFEC /* PaceBackiOS */ = {
			isa = PBXGroup;
			children = (
				DF5CD78F27C107E8DB8304EB /* App */,
				45CC2AE54E2F6905CF1EBE5B /* Fixtures */,
				02C86DEACF0B3289E1589134 /* Models */,
				F681459FB817C9F8115B4147 /* Resources */,
				9841C09836B307633EB1D4F8 /* Safety */,
				28BCECC5D48DA921B1E8C34D /* Services */,
				9E2AC74FD7D6C104061C2F51 /* Store */,
				C8D010BE794479A36CEB6E6F /* UI */,
			);
			path = PaceBackiOS;
			sourceTree = "<group>";
		};
/* End PBXGroup section */

/* Begin PBXNativeTarget section */
		44D9C31409938D2905DE400C /* PaceBackiOS */ = {
			isa = PBXNativeTarget;
			buildConfigurationList = B6E16972458A09F0C88B426B /* Build configuration list for PBXNativeTarget "PaceBackiOS" */;
			buildPhases = (
				0FC9357C56CB1C173CDDC391 /* Sources */,
				6283FEA88367DCA1283A7C23 /* Resources */,
				CB317CB9D069E2F5121F6E89 /* Frameworks */,
			);
			buildRules = (
			);
			dependencies = (
			);
			name = PaceBackiOS;
			packageProductDependencies = (
				E6ADCAD132B9FAD9CA2226F3 /* onnxruntime */,
			);
			productName = PaceBackiOS;
			productReference = 4956CAA58360BF9A2857D38E /* PaceBackiOS.app */;
			productType = "com.apple.product-type.application";
		};
		68773038E33A84B8DE3DEE1C /* PaceBackiOSTests */ = {
			isa = PBXNativeTarget;
			buildConfigurationList = 5AADC241EC92724045B408ED /* Build configuration list for PBXNativeTarget "PaceBackiOSTests" */;
			buildPhases = (
				54DA1990D654EDF6F4AC64DF /* Sources */,
			);
			buildRules = (
			);
			dependencies = (
				76E561CF4907618703E26E61 /* PBXTargetDependency */,
			);
			name = PaceBackiOSTests;
			packageProductDependencies = (
			);
			productName = PaceBackiOSTests;
			productReference = 3227F50F8C173478CC9B763C /* PaceBackiOSTests.xctest */;
			productType = "com.apple.product-type.bundle.unit-test";
		};
/* End PBXNativeTarget section */

/* Begin PBXProject section */
		959522C6524F74D6BFC6797B /* Project object */ = {
			isa = PBXProject;
			attributes = {
				BuildIndependentTargetsInParallel = YES;
				LastUpgradeCheck = 1430;
				TargetAttributes = {
					44D9C31409938D2905DE400C = {
						ProvisioningStyle = Automatic;
					};
				};
			};
			buildConfigurationList = A0710EB0D96E060EF261837B /* Build configuration list for PBXProject "PaceBackiOS" */;
			developmentRegion = en;
			hasScannedForEncodings = 0;
			knownRegions = (
				Base,
				en,
			);
			mainGroup = 9A8EE1886F2C60EF5A802703;
			minimizedProjectReferenceProxies = 1;
			packageReferences = (
				4E10372A2F1BE3759D991E1F /* XCRemoteSwiftPackageReference "onnxruntime-swift-package-manager" */,
			);
			preferredProjectObjectVersion = 77;
			productRefGroup = 1621846BDECB31B3C1E23EDA /* Products */;
			projectDirPath = "";
			projectRoot = "";
			targets = (
				44D9C31409938D2905DE400C /* PaceBackiOS */,
				68773038E33A84B8DE3DEE1C /* PaceBackiOSTests */,
			);
		};
/* End PBXProject section */

/* Begin PBXResourcesBuildPhase section */
		6283FEA88367DCA1283A7C23 /* Resources */ = {
			isa = PBXResourcesBuildPhase;
			buildActionMask = 2147483647;
			files = (
				232D100826D90C5CA405C4FE /* Assets.xcassets in Resources */,
				80ED3D4EB371E63D833DF0B5 /* evidence_seed.json in Resources */,
				D667A57421EFA1233B751E3A /* manifest.json in Resources */,
				BA577CBBE49AC25E79B842DD /* model-pack-trust-key.b64 in Resources */,
				C0D71BB1B1DB51B8C4D7B0A6 /* onnxruntime-1.24.2-MIT.txt in Resources */,
			);
			runOnlyForDeploymentPostprocessing = 0;
		};
/* End PBXResourcesBuildPhase section */

/* Begin PBXSourcesBuildPhase section */
		0FC9357C56CB1C173CDDC391 /* Sources */ = {
			isa = PBXSourcesBuildPhase;
			buildActionMask = 2147483647;
			files = (
				632BE6D32CF811065F2C3FD4 /* AIEngine.swift in Sources */,
				7A1341EFEEE24D89472BAB94 /* AppShell.swift in Sources */,
				0A92A25A01A88EED59678A4E /* AppStore.swift in Sources */,
				DDBA93341437496B4B763532 /* CarePlanView.swift in Sources */,
				0B5BAA715AAA5D35B1A69F52 /* DangerSignsView.swift in Sources */,
				B2CBF473DB06574187DF9BBA /* DesignSystem.swift in Sources */,
				DB3DCE2803A7041ABCB1E50C /* DomainModels.swift in Sources */,
				33384FA37548C51495B10FF2 /* EvidenceView.swift in Sources */,
				7952A1D1D56E4D7DB8E5CA50 /* FocusView.swift in Sources */,
				EDE93C35198E4FC5392DA9D8 /* GuardianAuthenticator.swift in Sources */,
				9ACB9F2400284DD52B655493 /* LocalEvidenceEngine.swift in Sources */,
				17BFB7D66E76C1A654A0AEA9 /* ModelPackDownloader.swift in Sources */,
				80226EB9D100CBB3E198CF12 /* ModelPackStore.swift in Sources */,
				E8751D0DCCB149A3FBE719CD /* ModelSetupView.swift in Sources */,
				708D1AEEE5E0E8F013A54B93 /* MoreView.swift in Sources */,
				67FFD9F61CB09ECAC2227205 /* OnboardingView.swift in Sources */,
				70FCCB4B92BF8CD046AA21D7 /* PaceBackiOSApp.swift in Sources */,
				84B55BCD94DDB0FEECFD95DE /* PreviewFixtures.swift in Sources */,
				442388B5A278F276B13E59EF /* ProfileRepository.swift in Sources */,
				A685E969C1AC1AB7F3203B8C /* RolePolicy.swift in Sources */,
				2D2CC6F8BE89AE19DF10B3FB /* SafetyGate.swift in Sources */,
				AE0CF797C46AF844F08DD5EC /* TodayView.swift in Sources */,
				4E23A4918D2C69B8F65CECBF /* WordPieceTokenizer.swift in Sources */,
			);
			runOnlyForDeploymentPostprocessing = 0;
		};
		54DA1990D654EDF6F4AC64DF /* Sources */ = {
			isa = PBXSourcesBuildPhase;
			buildActionMask = 2147483647;
			files = (
				5FCC3E852CB6B927028699CF /* LocalEvidenceEngineTests.swift in Sources */,
				508C03130522789ABF69CB93 /* PaceBackiOSTests.swift in Sources */,
			);
			runOnlyForDeploymentPostprocessing = 0;
		};
/* End PBXSourcesBuildPhase section */

/* Begin PBXTargetDependency section */
		76E561CF4907618703E26E61 /* PBXTargetDependency */ = {
			isa = PBXTargetDependency;
			target = 44D9C31409938D2905DE400C /* PaceBackiOS */;
			targetProxy = BC36862F107E927CB113E87F /* PBXContainerItemProxy */;
		};
/* End PBXTargetDependency section */

/* Begin XCBuildConfiguration section */
		1A0C6F8B3CF1997BB4F269DC /* Release */ = {
			isa = XCBuildConfiguration;
			buildSettings = {
				ASSETCATALOG_COMPILER_APPICON_NAME = AppIcon;
				ASSETCATALOG_COMPILER_GLOBAL_ACCENT_COLOR_NAME = AccentColor;
				CODE_SIGN_IDENTITY = "iPhone Developer";
				CODE_SIGN_STYLE = Automatic;
				CURRENT_PROJECT_VERSION = 1;
				GENERATE_INFOPLIST_FILE = YES;
				INFOPLIST_KEY_CFBundleDisplayName = PaceBack;
				INFOPLIST_KEY_LSApplicationCategoryType = "public.app-category.healthcare-fitness";
				INFOPLIST_KEY_NSFaceIDUsageDescription = "PaceBack uses device authentication to protect caregiver and guardian controls.";
				INFOPLIST_KEY_UIApplicationSupportsIndirectInputEvents = YES;
				INFOPLIST_KEY_UILaunchScreen_Generation = YES;
				INFOPLIST_KEY_UISupportedInterfaceOrientations = "UIInterfaceOrientationPortrait UIInterfaceOrientationLandscapeLeft UIInterfaceOrientationLandscapeRight";
				INFOPLIST_KEY_UISupportedInterfaceOrientations_iPad = "UIInterfaceOrientationPortrait UIInterfaceOrientationPortraitUpsideDown UIInterfaceOrientationLandscapeLeft UIInterfaceOrientationLandscapeRight";
				IPHONEOS_DEPLOYMENT_TARGET = 18.0;
				LD_RUNPATH_SEARCH_PATHS = (
					"$(inherited)",
					"@executable_path/Frameworks",
				);
				MARKETING_VERSION = 0.1.0;
				PRODUCT_BUNDLE_IDENTIFIER = org.paceback.research.ios;
				PRODUCT_MODULE_NAME = PaceBackiOS;
				PRODUCT_NAME = PaceBack;
				SDKROOT = iphoneos;
				SUPPORTS_MACCATALYST = NO;
				TARGETED_DEVICE_FAMILY = "1,2";
			};
			name = Release;
		};
		3F0DA8551DFD0E81879B12F3 /* Release */ = {
			isa = XCBuildConfiguration;
			buildSettings = {
				BUNDLE_LOADER = "$(TEST_HOST)";
				GENERATE_INFOPLIST_FILE = YES;
				IPHONEOS_DEPLOYMENT_TARGET = 18.0;
				LD_RUNPATH_SEARCH_PATHS = (
					"$(inherited)",
					"@executable_path/Frameworks",
					"@loader_path/Frameworks",
				);
				PRODUCT_BUNDLE_IDENTIFIER = org.paceback.research.ios.tests;
				SDKROOT = iphoneos;
				TARGETED_DEVICE_FAMILY = "1,2";
				TEST_HOST = "$(BUILT_PRODUCTS_DIR)/PaceBack.app/$(BUNDLE_EXECUTABLE_FOLDER_PATH)/PaceBack";
			};
			name = Release;
		};
		9083AEA093D9E66CEFE14C05 /* Debug */ = {
			isa = XCBuildConfiguration;
			buildSettings = {
				BUNDLE_LOADER = "$(TEST_HOST)";
				GENERATE_INFOPLIST_FILE = YES;
				IPHONEOS_DEPLOYMENT_TARGET = 18.0;
				LD_RUNPATH_SEARCH_PATHS = (
					"$(inherited)",
					"@executable_path/Frameworks",
					"@loader_path/Frameworks",
				);
				PRODUCT_BUNDLE_IDENTIFIER = org.paceback.research.ios.tests;
				SDKROOT = iphoneos;
				TARGETED_DEVICE_FAMILY = "1,2";
				TEST_HOST = "$(BUILT_PRODUCTS_DIR)/PaceBack.app/$(BUNDLE_EXECUTABLE_FOLDER_PATH)/PaceBack";
			};
			name = Debug;
		};
		C8F7B81877962572DB4D1608 /* Release */ = {
			isa = XCBuildConfiguration;
			buildSettings = {
				ALWAYS_SEARCH_USER_PATHS = NO;
				ASSETCATALOG_COMPILER_GENERATE_SWIFT_ASSET_SYMBOL_EXTENSIONS = YES;
				CLANG_ANALYZER_NONNULL = YES;
				CLANG_ANALYZER_NUMBER_OBJECT_CONVERSION = YES_AGGRESSIVE;
				CLANG_CXX_LANGUAGE_STANDARD = "gnu++14";
				CLANG_CXX_LIBRARY = "libc++";
				CLANG_ENABLE_MODULES = YES;
				CLANG_ENABLE_OBJC_ARC = YES;
				CLANG_ENABLE_OBJC_WEAK = YES;
				CLANG_WARN_BLOCK_CAPTURE_AUTORELEASING = YES;
				CLANG_WARN_BOOL_CONVERSION = YES;
				CLANG_WARN_COMMA = YES;
				CLANG_WARN_CONSTANT_CONVERSION = YES;
				CLANG_WARN_DEPRECATED_OBJC_IMPLEMENTATIONS = YES;
				CLANG_WARN_DIRECT_OBJC_ISA_USAGE = YES_ERROR;
				CLANG_WARN_DOCUMENTATION_COMMENTS = YES;
				CLANG_WARN_EMPTY_BODY = YES;
				CLANG_WARN_ENUM_CONVERSION = YES;
				CLANG_WARN_INFINITE_RECURSION = YES;
				CLANG_WARN_INT_CONVERSION = YES;
				CLANG_WARN_NON_LITERAL_NULL_CONVERSION = YES;
				CLANG_WARN_OBJC_IMPLICIT_RETAIN_SELF = YES;
				CLANG_WARN_OBJC_LITERAL_CONVERSION = YES;
				CLANG_WARN_OBJC_ROOT_CLASS = YES_ERROR;
				CLANG_WARN_QUOTED_INCLUDE_IN_FRAMEWORK_HEADER = YES;
				CLANG_WARN_RANGE_LOOP_ANALYSIS = YES;
				CLANG_WARN_STRICT_PROTOTYPES = YES;
				CLANG_WARN_SUSPICIOUS_MOVE = YES;
				CLANG_WARN_UNGUARDED_AVAILABILITY = YES_AGGRESSIVE;
				CLANG_WARN_UNREACHABLE_CODE = YES;
				CLANG_WARN__DUPLICATE_METHOD_MATCH = YES;
				COPY_PHASE_STRIP = NO;
				DEBUG_INFORMATION_FORMAT = "dwarf-with-dsym";
				ENABLE_NS_ASSERTIONS = NO;
				ENABLE_STRICT_OBJC_MSGSEND = YES;
				ENABLE_USER_SCRIPT_SANDBOXING = YES;
				GCC_C_LANGUAGE_STANDARD = gnu11;
				GCC_NO_COMMON_BLOCKS = YES;
				GCC_WARN_64_TO_32_BIT_CONVERSION = YES;
				GCC_WARN_ABOUT_RETURN_TYPE = YES_ERROR;
				GCC_WARN_UNDECLARED_SELECTOR = YES;
				GCC_WARN_UNINITIALIZED_AUTOS = YES_AGGRESSIVE;
				GCC_WARN_UNUSED_FUNCTION = YES;
				GCC_WARN_UNUSED_VARIABLE = YES;
				IPHONEOS_DEPLOYMENT_TARGET = 18.0;
				LOCALIZATION_PREFERS_STRING_CATALOGS = YES;
				MTL_ENABLE_DEBUG_INFO = NO;
				MTL_FAST_MATH = YES;
				PRODUCT_NAME = "$(TARGET_NAME)";
				SDKROOT = iphoneos;
				SWIFT_COMPILATION_MODE = wholemodule;
				SWIFT_OPTIMIZATION_LEVEL = "-O";
				SWIFT_STRICT_CONCURRENCY = complete;
				SWIFT_VERSION = 6.0;
			};
			name = Release;
		};
		CF1FC88A5C9A6E5A5A299F1A /* Debug */ = {
			isa = XCBuildConfiguration;
			buildSettings = {
				ASSETCATALOG_COMPILER_APPICON_NAME = AppIcon;
				ASSETCATALOG_COMPILER_GLOBAL_ACCENT_COLOR_NAME = AccentColor;
				CODE_SIGN_IDENTITY = "iPhone Developer";
				CODE_SIGN_STYLE = Automatic;
				CURRENT_PROJECT_VERSION = 1;
				GENERATE_INFOPLIST_FILE = YES;
				INFOPLIST_KEY_CFBundleDisplayName = PaceBack;
				INFOPLIST_KEY_LSApplicationCategoryType = "public.app-category.healthcare-fitness";
				INFOPLIST_KEY_NSFaceIDUsageDescription = "PaceBack uses device authentication to protect caregiver and guardian controls.";
				INFOPLIST_KEY_UIApplicationSupportsIndirectInputEvents = YES;
				INFOPLIST_KEY_UILaunchScreen_Generation = YES;
				INFOPLIST_KEY_UISupportedInterfaceOrientations = "UIInterfaceOrientationPortrait UIInterfaceOrientationLandscapeLeft UIInterfaceOrientationLandscapeRight";
				INFOPLIST_KEY_UISupportedInterfaceOrientations_iPad = "UIInterfaceOrientationPortrait UIInterfaceOrientationPortraitUpsideDown UIInterfaceOrientationLandscapeLeft UIInterfaceOrientationLandscapeRight";
				IPHONEOS_DEPLOYMENT_TARGET = 18.0;
				LD_RUNPATH_SEARCH_PATHS = (
					"$(inherited)",
					"@executable_path/Frameworks",
				);
				MARKETING_VERSION = 0.1.0;
				PRODUCT_BUNDLE_IDENTIFIER = org.paceback.research.ios;
				PRODUCT_MODULE_NAME = PaceBackiOS;
				PRODUCT_NAME = PaceBack;
				SDKROOT = iphoneos;
				SUPPORTS_MACCATALYST = NO;
				TARGETED_DEVICE_FAMILY = "1,2";
			};
			name = Debug;
		};
		F1B4CA9889127B99EBE72DB3 /* Debug */ = {
			isa = XCBuildConfiguration;
			buildSettings = {
				ALWAYS_SEARCH_USER_PATHS = NO;
				ASSETCATALOG_COMPILER_GENERATE_SWIFT_ASSET_SYMBOL_EXTENSIONS = YES;
				CLANG_ANALYZER_NONNULL = YES;
				CLANG_ANALYZER_NUMBER_OBJECT_CONVERSION = YES_AGGRESSIVE;
				CLANG_CXX_LANGUAGE_STANDARD = "gnu++14";
				CLANG_CXX_LIBRARY = "libc++";
				CLANG_ENABLE_MODULES = YES;
				CLANG_ENABLE_OBJC_ARC = YES;
				CLANG_ENABLE_OBJC_WEAK = YES;
				CLANG_WARN_BLOCK_CAPTURE_AUTORELEASING = YES;
				CLANG_WARN_BOOL_CONVERSION = YES;
				CLANG_WARN_COMMA = YES;
				CLANG_WARN_CONSTANT_CONVERSION = YES;
				CLANG_WARN_DEPRECATED_OBJC_IMPLEMENTATIONS = YES;
				CLANG_WARN_DIRECT_OBJC_ISA_USAGE = YES_ERROR;
				CLANG_WARN_DOCUMENTATION_COMMENTS = YES;
				CLANG_WARN_EMPTY_BODY = YES;
				CLANG_WARN_ENUM_CONVERSION = YES;
				CLANG_WARN_INFINITE_RECURSION = YES;
				CLANG_WARN_INT_CONVERSION = YES;
				CLANG_WARN_NON_LITERAL_NULL_CONVERSION = YES;
				CLANG_WARN_OBJC_IMPLICIT_RETAIN_SELF = YES;
				CLANG_WARN_OBJC_LITERAL_CONVERSION = YES;
				CLANG_WARN_OBJC_ROOT_CLASS = YES_ERROR;
				CLANG_WARN_QUOTED_INCLUDE_IN_FRAMEWORK_HEADER = YES;
				CLANG_WARN_RANGE_LOOP_ANALYSIS = YES;
				CLANG_WARN_STRICT_PROTOTYPES = YES;
				CLANG_WARN_SUSPICIOUS_MOVE = YES;
				CLANG_WARN_UNGUARDED_AVAILABILITY = YES_AGGRESSIVE;
				CLANG_WARN_UNREACHABLE_CODE = YES;
				CLANG_WARN__DUPLICATE_METHOD_MATCH = YES;
				COPY_PHASE_STRIP = NO;
				DEBUG_INFORMATION_FORMAT = dwarf;
				ENABLE_STRICT_OBJC_MSGSEND = YES;
				ENABLE_TESTABILITY = YES;
				ENABLE_USER_SCRIPT_SANDBOXING = YES;
				GCC_C_LANGUAGE_STANDARD = gnu11;
				GCC_DYNAMIC_NO_PIC = NO;
				GCC_NO_COMMON_BLOCKS = YES;
				GCC_OPTIMIZATION_LEVEL = 0;
				GCC_PREPROCESSOR_DEFINITIONS = (
					"$(inherited)",
					"DEBUG=1",
				);
				GCC_WARN_64_TO_32_BIT_CONVERSION = YES;
				GCC_WARN_ABOUT_RETURN_TYPE = YES_ERROR;
				GCC_WARN_UNDECLARED_SELECTOR = YES;
				GCC_WARN_UNINITIALIZED_AUTOS = YES_AGGRESSIVE;
				GCC_WARN_UNUSED_FUNCTION = YES;
				GCC_WARN_UNUSED_VARIABLE = YES;
				IPHONEOS_DEPLOYMENT_TARGET = 18.0;
				LOCALIZATION_PREFERS_STRING_CATALOGS = YES;
				MTL_ENABLE_DEBUG_INFO = INCLUDE_SOURCE;
				MTL_FAST_MATH = YES;
				ONLY_ACTIVE_ARCH = YES;
				PRODUCT_NAME = "$(TARGET_NAME)";
				SDKROOT = iphoneos;
				SWIFT_ACTIVE_COMPILATION_CONDITIONS = DEBUG;
				SWIFT_OPTIMIZATION_LEVEL = "-Onone";
				SWIFT_STRICT_CONCURRENCY = complete;
				SWIFT_VERSION = 6.0;
			};
			name = Debug;
		};
/* End XCBuildConfiguration section */

/* Begin XCConfigurationList section */
		5AADC241EC92724045B408ED /* Build configuration list for PBXNativeTarget "PaceBackiOSTests" */ = {
			isa = XCConfigurationList;
			buildConfigurations = (
				9083AEA093D9E66CEFE14C05 /* Debug */,
				3F0DA8551DFD0E81879B12F3 /* Release */,
			);
			defaultConfigurationIsVisible = 0;
			defaultConfigurationName = Debug;
		};
		A0710EB0D96E060EF261837B /* Build configuration list for PBXProject "PaceBackiOS" */ = {
			isa = XCConfigurationList;
			buildConfigurations = (
				F1B4CA9889127B99EBE72DB3 /* Debug */,
				C8F7B81877962572DB4D1608 /* Release */,
			);
			defaultConfigurationIsVisible = 0;
			defaultConfigurationName = Debug;
		};
		B6E16972458A09F0C88B426B /* Build configuration list for PBXNativeTarget "PaceBackiOS" */ = {
			isa = XCConfigurationList;
			buildConfigurations = (
				CF1FC88A5C9A6E5A5A299F1A /* Debug */,
				1A0C6F8B3CF1997BB4F269DC /* Release */,
			);
			defaultConfigurationIsVisible = 0;
			defaultConfigurationName = Debug;
		};
/* End XCConfigurationList section */

/* Begin XCRemoteSwiftPackageReference section */
		4E10372A2F1BE3759D991E1F /* XCRemoteSwiftPackageReference "onnxruntime-swift-package-manager" */ = {
			isa = XCRemoteSwiftPackageReference;
			repositoryURL = "https://github.com/microsoft/onnxruntime-swift-package-manager";
			requirement = {
				kind = exactVersion;
				version = 1.24.2;
			};
		};
/* End XCRemoteSwiftPackageReference section */

/* Begin XCSwiftPackageProductDependency section */
		E6ADCAD132B9FAD9CA2226F3 /* onnxruntime */ = {
			isa = XCSwiftPackageProductDependency;
			package = 4E10372A2F1BE3759D991E1F /* XCRemoteSwiftPackageReference "onnxruntime-swift-package-manager" */;
			productName = onnxruntime;
		};
/* End XCSwiftPackageProductDependency section */
	};
	rootObject = 959522C6524F74D6BFC6797B /* Project object */;
}
